// !$*UTF8*$!
{
	archiveVersion = 1;
	classes = {
	};
	objectVersion = 46;
	objects = {

/* Begin PBXBuildFile section */
		64BDFBDA1CE1FF7F00FE0E6F /* Assets.xcassets in Resources */ = {isa = PBXBuildFile; fileRef = 64BDFBD91CE1FF7F00FE0E6F /* Assets.xcassets */; };
		64BDFBDD1CE1FF7F00FE0E6F /* LaunchScreen.storyboard in Resources */ = {isa = PBXBuildFile; fileRef = 64BDFBDB1CE1FF7F00FE0E6F /* LaunchScreen.storyboard */; };
		64BDFBE81CE2006A00FE0E6F /* AppDelegate.swift in Sources */ = {isa = PBXBuildFile; fileRef = 64BDFBE41CE2006A00FE0E6F /* AppDelegate.swift */; };
		64BDFBE91CE2006A00FE0E6F /* Cell.swift in Sources */ = {isa = PBXBuildFile; fileRef = 64BDFBE51CE2006A00FE0E6F /* Cell.swift */; };
		64BDFBEA1CE2006A00FE0E6F /* CollectionViewController.swift in Sources */ = {isa = PBXBuildFile; fileRef = 64BDFBE61CE2006A00FE0E6F /* CollectionViewController.swift */; };
		64BDFBEB1CE2006A00FE0E6F /* CollectionViewDataSource.swift in Sources */ = {isa = PBXBuildFile; fileRef = 64BDFBE71CE2006A00FE0E6F /* CollectionViewDataSource.swift */; };
		64BDFBF21CE2007800FE0E6F /* LayoutSetupValues.swift in Sources */ = {isa = PBXBuildFile; fileRef = 64BDFBEE1CE2007800FE0E6F /* LayoutSetupValues.swift */; };
		64BDFBF51CE2316300FE0E6F /* Layout.swift in Sources */ = {isa = PBXBuildFile; fileRef = 64BDFBF41CE2316300FE0E6F /* Layout.swift */; };
/* End PBXBuildFile section */

/* Begin PBXFileReference section */
		64BDFBCF1CE1FF7F00FE0E6F /* collectionCellLayout.app */ = {isa = PBXFileReference; explicitFileType = wrapper.application; includeInIndex = 0; path = collectionCellLayout.app; sourceTree = BUILT_PRODUCTS_DIR; };
		64BDFBD91CE1FF7F00FE0E6F /* Assets.xcassets */ = {isa = PBXFileReference; lastKnownFileType = folder.assetcatalog; path = Assets.xcassets; sourceTree = "<group>"; };
		64BDFBDC1CE1FF7F00FE0E6F /* Base */ = {isa = PBXFileReference; lastKnownFileType = file.storyboard; name = Base; path = Base.lproj/LaunchScreen.storyboard; sourceTree = "<group>"; };
		64BDFBDE1CE1FF7F00FE0E6F /* Info.plist */ = {isa = PBXFileReference; lastKnownFileType = text.plist.xml; path = Info.plist; sourceTree = "<group>"; };
		64BDFBE41CE2006A00FE0E6F /* AppDelegate.swift */ = {isa = PBXFileReference; fileEncoding = 4; lastKnownFileType = sourcecode.swift; path = AppDelegate.swift; sourceTree = "<group>"; };
		64BDFBE51CE2006A00FE0E6F /* Cell.swift */ = {isa = PBXFileReference; fileEncoding = 4; lastKnownFileType = sourcecode.swift; path = Cell.swift; sourceTree = "<group>"; };
		64BDFBE61CE2006A00FE0E6F /* CollectionViewController.swift */ = {isa = PBXFileReference; fileEncoding = 4; lastKnownFileType = sourcecode.swift; path = CollectionViewController.swift; sourceTree = "<group>"; };
		64BDFBE71CE2006A00FE0E6F /* CollectionViewDataSource.swift */ = {isa = PBXFileReference; fileEncoding = 4; lastKnownFileType = sourcecode.swift; path = CollectionViewDataSource.swift; sourceTree = "<group>"; };
		64BDFBEE1CE2007800FE0E6F /* LayoutSetupValues.swift */ = {isa = PBXFileReference; fileEncoding = 4; lastKnownFileType = sourcecode.swift; path = LayoutSetupValues.swift; sourceTree = "<group>"; };
		64BDFBF41CE2316300FE0E6F /* Layout.swift */ = {isa = PBXFileReference; fileEncoding = 4; lastKnownFileType = sourcecode.swift; path = Layout.swift; sourceTree = "<group>"; };
/* End PBXFileReference section */

/* Begin PBXFrameworksBuildPhase section */
		64BDFBCC1CE1FF7F00FE0E6F /* Frameworks */ = {
			isa = PBXFrameworksBuildPhase;
			buildActionMask = 2147483647;
			files = (
			);
			runOnlyForDeploymentPostprocessing = 0;
		};
/* End PBXFrameworksBuildPhase section */

/* Begin PBXGroup section */
		64BDFBC61CE1FF7E00FE0E6F = {
			isa = PBXGroup;
			children = (
				64BDFBD11CE1FF7F00FE0E6F /* collectionCellLayout */,
				64BDFBD01CE1FF7F00FE0E6F /* Products */,
			);
			sourceTree = "<group>";
		};
		64BDFBD01CE1FF7F00FE0E6F /* Products */ = {
			isa = PBXGroup;
			children = (
				64BDFBCF1CE1FF7F00FE0E6F /* collectionCellLayout.app */,
			);
			name = Products;
			sourceTree = "<group>";
		};
		64BDFBD11CE1FF7F00FE0E6F /* collectionCellLayout */ = {
			isa = PBXGroup;
			children = (
				64BDFBE41CE2006A00FE0E6F /* AppDelegate.swift */,
				64BDFBE51CE2006A00FE0E6F /* Cell.swift */,
				64BDFBF41CE2316300FE0E6F /* Layout.swift */,
				64BDFBE61CE2006A00FE0E6F /* CollectionViewController.swift */,
				64BDFBE71CE2006A00FE0E6F /* CollectionViewDataSource.swift */,
				64BDFBEE1CE2007800FE0E6F /* LayoutSetupValues.swift */,
				64BDFBD91CE1FF7F00FE0E6F /* Assets.xcassets */,
				64BDFBDB1CE1FF7F00FE0E6F /* LaunchScreen.storyboard */,
				64BDFBDE1CE1FF7F00FE0E6F /* Info.plist */,
			);
			path = collectionCellLayout;
			sourceTree = "<group>";
		};
/* End PBXGroup section */

/* Begin PBXNativeTarget section */
		64BDFBCE1CE1FF7F00FE0E6F /* collectionCellLayout */ = {
			isa = PBXNativeTarget;
			buildConfigurationList = 64BDFBE11CE1FF7F00FE0E6F /* Build configuration list for PBXNativeTarget "collectionCellLayout" */;
			buildPhases = (
				64BDFBCB1CE1FF7F00FE0E6F /* Sources */,
				64BDFBCC1CE1FF7F00FE0E6F /* Frameworks */,
				64BDFBCD1CE1FF7F00FE0E6F /* Resources */,
			);
			buildRules = (
			);
			dependencies = (
			);
			name = collectionCellLayout;
			productName = collectionCellLayout;
			productReference = 64BDFBCF1CE1FF7F00FE0E6F /* collectionCellLayout.app */;
			productType = "com.apple.product-type.application";
		};
/* End PBXNativeTarget section */

/* Begin PBXProject section */
		64BDFBC71CE1FF7E00FE0E6F /* Project object */ = {
			isa = PBXProject;
			attributes = {
				LastSwiftUpdateCheck = 0730;
				LastUpgradeCheck = 0730;
				ORGANIZATIONNAME = "Manuel Lopes";
				TargetAttributes = {
					64BDFBCE1CE1FF7F00FE0E6F = {
						CreatedOnToolsVersion = 7.3.1;
						DevelopmentTeam = X4WRR7YD46;
					};
				};
			};
			buildConfigurationList = 64BDFBCA1CE1FF7E00FE0E6F /* Build configuration list for PBXProject "collectionCellLayout" */;
			compatibilityVersion = "Xcode 3.2";
			developmentRegion = English;
			hasScannedForEncodings = 0;
			knownRegions = (
				en,
				Base,
			);
			mainGroup = 64BDFBC61CE1FF7E00FE0E6F;
			productRefGroup = 64BDFBD01CE1FF7F00FE0E6F /* Products */;
			projectDirPath = "";
			projectRoot = "";
			targets = (
				64BDFBCE1CE1FF7F00FE0E6F /* collectionCellLayout */,
			);
		};
/* End PBXProject section */

/* Begin PBXResourcesBuildPhase section */
		64BDFBCD1CE1FF7F00FE0E6F /* Resources */ = {
			isa = PBXResourcesBuildPhase;
			buildActionMask = 2147483647;
			files = (
				64BDFBDD1CE1FF7F00FE0E6F /* LaunchScreen.storyboard in Resources */,
				64BDFBDA1CE1FF7F00FE0E6F /* Assets.xcassets in Resources */,
			);
			runOnlyForDeploymentPostprocessing = 0;
		};
/* End PBXResourcesBuildPhase section */

/* Begin PBXSourcesBuildPhase section */
		64BDFBCB1CE1FF7F00FE0E6F /* Sources */ = {
			isa = PBXSourcesBuildPhase;
			buildActionMask = 2147483647;
			files = (
				64BDFBEA1CE2006A00FE0E6F /* CollectionViewController.swift in Sources */,
				64BDFBE81CE2006A00FE0E6F /* AppDelegate.swift in Sources */,
				64BDFBE91CE2006A00FE0E6F /* Cell.swift in Sources */,
				64BDFBF21CE2007800FE0E6F /* LayoutSetupValues.swift in Sources */,
				64BDFBEB1CE2006A00FE0E6F /* CollectionViewDataSource.swift in Sources */,
				64BDFBF51CE2316300FE0E6F /* Layout.swift in Sources */,
			);
			runOnlyForDeploymentPostprocessing = 0;
		};
/* End PBXSourcesBuildPhase section */

/* Begin PBXVariantGroup section */
		64BDFBDB1CE1FF7F00FE0E6F /* LaunchScreen.storyboard */ = {
			isa = PBXVariantGroup;
			children = (
				64BDFBDC1CE1FF7F00FE0E6F /* Base */,
			);
			name = LaunchScreen.storyboard;
			sourceTree = "<group>";
		};
/* End PBXVariantGroup section */

/* Begin XCBuildConfiguration section */
		64BDFBDF1CE1FF7F00FE0E6F /* Debug */ = {
			isa = XCBuildConfiguration;
			buildSettings = {
				ALWAYS_SEARCH_USER_PATHS = NO;
				CLANG_ANALYZER_NONNULL = YES;
				CLANG_CXX_LANGUAGE_STANDARD = "gnu++0x";
				CLANG_CXX_LIBRARY = "libc++";
				CLANG_ENABLE_MODULES = YES;
				CLANG_ENABLE_OBJC_ARC = YES;
				CLANG_WARN_BOOL_CONVERSION = YES;
				CLANG_WARN_CONSTANT_CONVERSION = YES;
				CLANG_WARN_DIRECT_OBJC_ISA_USAGE = YES_ERROR;
				CLANG_WARN_EMPTY_BODY = YES;
				CLANG_WARN_ENUM_CONVERSION = YES;
				CLANG_WARN_INT_CONVERSION = YES;
				CLANG_WARN_OBJC_ROOT_CLASS = YES_ERROR;
				CLANG_WARN_UNREACHABLE_CODE = YES;
				CLANG_WARN__DUPLICATE_METHOD_MATCH = YES;
				"CODE_SIGN_IDENTITY[sdk=iphoneos*]" = "iPhone Developer";
				COPY_PHASE_STRIP = NO;
				DEBUG_INFORMATION_FORMAT = dwarf;
				ENABLE_STRICT_OBJC_MSGSEND = YES;
				ENABLE_TESTABILITY = YES;
				GCC_C_LANGUAGE_STANDARD = gnu99;
				GCC_DYNAMIC_NO_PIC = NO;
				GCC_NO_COMMON_BLOCKS = YES;
				GCC_OPTIMIZATION_LEVEL = 0;
				GCC_PREPROCESSOR_DEFINITIONS = (
					"DEBUG=1",
					"$(inherited)",
				);
				GCC_WARN_64_TO_32_BIT_CONVERSION = YES;
				GCC_WARN_ABOUT_RETURN_TYPE = YES_ERROR;
				GCC_WARN_UNDECLARED_SELECTOR = YES;
				GCC_WARN_UNINITIALIZED_AUTOS = YES_AGGRESSIVE;
				GCC_WARN_UNUSED_FUNCTION = YES;
				GCC_WARN_UNUSED_VARIABLE = YES;
				IPHONEOS_DEPLOYMENT_TARGET = 9.3;
				MTL_ENABLE_DEBUG_INFO = YES;
				ONLY_ACTIVE_ARCH = YES;
				SDKROOT = iphoneos;
				SWIFT_OPTIMIZATION_LEVEL = "-Onone";
				TARGETED_DEVICE_FAMILY = "1,2";
			};
			name = Debug;
		};
		64BDFBE01CE1FF7F00FE0E6F /* Release */ = {
			isa = XCBuildConfiguration;
			buildSettings = {
				ALWAYS_SEARCH_USER_PATHS = NO;
				CLANG_ANALYZER_NONNULL = YES;
				CLANG_CXX_LANGUAGE_STANDARD = "gnu++0x";
				CLANG_CXX_LIBRARY = "libc++";
				CLANG_ENABLE_MODULES = YES;
				CLANG_ENABLE_OBJC_ARC = YES;
				CLANG_WARN_BOOL_CONVERSION = YES;
				CLANG_WARN_CONSTANT_CONVERSION = YES;
				CLANG_WARN_DIRECT_OBJC_ISA_USAGE = YES_ERROR;
				CLANG_WARN_EMPTY_BODY = YES;
				CLANG_WARN_ENUM_CONVERSION = YES;
				CLANG_WARN_INT_CONVERSION = YES;
				CLANG_WARN_OBJC_ROOT_CLASS = YES_ERROR;
				CLANG_WARN_UNREACHABLE_CODE = YES;
				CLANG_WARN__DUPLICATE_METHOD_MATCH = YES;
				"CODE_SIGN_IDENTITY[sdk=iphoneos*]" = "iPhone Developer";
				COPY_PHASE_STRIP = NO;
				DEBUG_INFORMATION_FORMAT = "dwarf-with-dsym";
				ENABLE_NS_ASSERTIONS = NO;
				ENABLE_STRICT_OBJC_MSGSEND = YES;
				GCC_C_LANGUAGE_STANDARD = gnu99;
				GCC_NO_COMMON_BLOCKS = YES;
				GCC_WARN_64_TO_32_BIT_CONVERSION = YES;
				GCC_WARN_ABOUT_RETURN_TYPE = YES_ERROR;
				GCC_WARN_UNDECLARED_SELECTOR = YES;
				GCC_WARN_UNINITIALIZED_AUTOS = YES_AGGRESSIVE;
				GCC_WARN_UNUSED_FUNCTION = YES;
				GCC_WARN_UNUSED_VARIABLE = YES;
				IPHONEOS_DEPLOYMENT_TARGET = 9.3;
				MTL_ENABLE_DEBUG_INFO = NO;
				SDKROOT = iphoneos;
				TARGETED_DEVICE_FAMILY = "1,2";
				VALIDATE_PRODUCT = YES;
			};
			name = Release;
		};
		64BDFBE21CE1FF7F00FE0E6F /* Debug */ = {
			isa = XCBuildConfiguration;
			buildSettings = {
				ASSETCATALOG_COMPILER_APPICON_NAME = AppIcon;
				CLANG_ENABLE_MODULES = YES;
				INFOPLIST_FILE = collectionCellLayout/Info.plist;
				IPHONEOS_DEPLOYMENT_TARGET = 9.0;
				LD_RUNPATH_SEARCH_PATHS = "$(inherited) @executable_path/Frameworks";
				PRODUCT_BUNDLE_IDENTIFIER = mc.collectionCellLayout;
				PRODUCT_NAME = "$(TARGET_NAME)";
				SWIFT_OPTIMIZATION_LEVEL = "-Onone";
				TARGETED_DEVICE_FAMILY = 1;
			};
			name = Debug;
		};
		64BDFBE31CE1FF7F00FE0E6F /* Release */ = {
			isa = XCBuildConfiguration;
			buildSettings = {
				ASSETCATALOG_COMPILER_APPICON_NAME = AppIcon;
				CLANG_ENABLE_MODULES = YES;
				INFOPLIST_FILE = collectionCellLayout/Info.plist;
				IPHONEOS_DEPLOYMENT_TARGET = 9.0;
				LD_RUNPATH_SEARCH_PATHS = "$(inherited) @executable_path/Frameworks";
				PRODUCT_BUNDLE_IDENTIFIER = mc.collectionCellLayout;
				PRODUCT_NAME = "$(TARGET_NAME)";
				TARGETED_DEVICE_FAMILY = 1;
			};
			name = Release;
		};
/* End XCBuildConfiguration section */

/* Begin XCConfigurationList section */
		64BDFBCA1CE1FF7E00FE0E6F /* Build configuration list for PBXProject "collectionCellLayout" */ = {
			isa = XCConfigurationList;
			buildConfigurations = (
				64BDFBDF1CE1FF7F00FE0E6F /* Debug */,
				64BDFBE01CE1FF7F00FE0E6F /* Release */,
			);
			defaultConfigurationIsVisible = 0;
			defaultConfigurationName = Release;
		};
		64BDFBE11CE1FF7F00FE0E6F /* Build configuration list for PBXNativeTarget "collectionCellLayout" */ = {
			isa = XCConfigurationList;
			buildConfigurations = (
				64BDFBE21CE1FF7F00FE0E6F /* Debug */,
				64BDFBE31CE1FF7F00FE0E6F /* Release */,
			);
			defaultConfigurationIsVisible = 0;
			defaultConfigurationName = Release;
		};
/* End XCConfigurationList section */
	};
	rootObject = 64BDFBC71CE1FF7E00FE0E6F /* Project object */;
}
